
Microsoft Visual Studio Solution File, Format Version 12.00
# Visual Studio Version 17
VisualStudioVersion = 17.11.35222.181
MinimumVisualStudioVersion = 10.0.40219.1
Project("{FAE04EC0-301F-11D3-BF4B-00C04F79EFBC}") = "WebApplication1", "WebApplication1.csproj", "{8F1785DB-8C39-4812-9D26-47EC98E09F3A}"
EndProject
Global
	GlobalSection(SolutionConfigurationPlatforms) = preSolution
		Debug|Any CPU = Debug|Any CPU
		Release|Any CPU = Release|Any CPU
	EndGlobalSection
	GlobalSection(ProjectConfigurationPlatforms) = postSolution
		{8F1785DB-8C39-4812-9D26-47EC98E09F3A}.Debug|Any CPU.ActiveCfg = Debug|Any CPU
		{8F1785DB-8C39-4812-9D26-47EC98E09F3A}.Debug|Any CPU.Build.0 = Debug|Any CPU
		{8F1785DB-8C39-4812-9D26-47EC98E09F3A}.Release|Any CPU.ActiveCfg = Release|Any CPU
		{8F1785DB-8C39-4812-9D26-47EC98E09F3A}.Release|Any CPU.Build.0 = Release|Any CPU
	EndGlobalSection
	GlobalSection(SolutionProperties) = preSolution
		HideSolutionNode = FALSE
	EndGlobalSection
	GlobalSection(ExtensibilityGlobals) = postSolution
		SolutionGuid = {18913CDB-0A72-4244-A5AE-ACE707ED5352}
	EndGlobalSection
EndGlobal
